
Microsoft Visual Studio Solution File, Format Version 12.00
# Visual Studio Version 16
VisualStudioVersion = 16.0.30413.136
MinimumVisualStudioVersion = 10.0.40219.1
Project("{FAE04EC0-301F-11D3-BF4B-00C04F79EFBC}") = "programmierung_grundlagen", "programmierung_grundlagen\programmierung_grundlagen.csproj", "{CCB359AE-3C8A-485D-8586-84B3C3D4DDBC}"
EndProject
Global
	GlobalSection(SolutionConfigurationPlatforms) = preSolution
		Debug|Any CPU = Debug|Any CPU
		Release|Any CPU = Release|Any CPU
	EndGlobalSection
	GlobalSection(ProjectConfigurationPlatforms) = postSolution
		{CCB359AE-3C8A-485D-8586-84B3C3D4DDBC}.Debug|Any CPU.ActiveCfg = Debug|Any CPU
		{CCB359AE-3C8A-485D-8586-84B3C3D4DDBC}.Debug|Any CPU.Build.0 = Debug|Any CPU
		{CCB359AE-3C8A-485D-8586-84B3C3D4DDBC}.Release|Any CPU.ActiveCfg = Release|Any CPU
		{CCB359AE-3C8A-485D-8586-84B3C3D4DDBC}.Release|Any CPU.Build.0 = Release|Any CPU
	EndGlobalSection
	GlobalSection(SolutionProperties) = preSolution
		HideSolutionNode = FALSE
	EndGlobalSection
	GlobalSection(ExtensibilityGlobals) = postSolution
		SolutionGuid = {02AB3E51-2887-41C2-A284-36421391DC25}
	EndGlobalSection
EndGlobal
